
Microsoft Visual Studio Solution File, Format Version 12.00
# Visual Studio Version 17
VisualStudioVersion = 17.6.33815.320
MinimumVisualStudioVersion = 10.0.40219.1
Project("{FAE04EC0-301F-11D3-BF4B-00C04F79EFBC}") = "ChatroomWithUserIdentification", "ChatroomWithUserIdentification.csproj", "{034B89FC-76C3-489B-8CAB-70EBF3118834}"
EndProject
Global
	GlobalSection(SolutionConfigurationPlatforms) = preSolution
		Debug|Any CPU = Debug|Any CPU
		Release|Any CPU = Release|Any CPU
	EndGlobalSection
	GlobalSection(ProjectConfigurationPlatforms) = postSolution
		{034B89FC-76C3-489B-8CAB-70EBF3118834}.Debug|Any CPU.ActiveCfg = Debug|Any CPU
		{034B89FC-76C3-489B-8CAB-70EBF3118834}.Debug|Any CPU.Build.0 = Debug|Any CPU
		{034B89FC-76C3-489B-8CAB-70EBF3118834}.Release|Any CPU.ActiveCfg = Release|Any CPU
		{034B89FC-76C3-489B-8CAB-70EBF3118834}.Release|Any CPU.Build.0 = Release|Any CPU
	EndGlobalSection
	GlobalSection(SolutionProperties) = preSolution
		HideSolutionNode = FALSE
	EndGlobalSection
	GlobalSection(ExtensibilityGlobals) = postSolution
		SolutionGuid = {CCFBA470-CD64-4ABE-8F87-29C69C219A75}
	EndGlobalSection
EndGlobal
